
Microsoft Visual Studio Solution File, Format Version 12.00
# Visual Studio Version 17
VisualStudioVersion = 17.12.35506.116 d17.12
MinimumVisualStudioVersion = 10.0.40219.1
Project("{FAE04EC0-301F-11D3-BF4B-00C04F79EFBC}") = "A.ObserverPattern.GoF", "..\A.ObserverPattern.GoF\A.ObserverPattern.GoF.csproj", "{451B8D8E-D6A8-4299-8EBE-E7039997DA1A}"
EndProject
Project("{FAE04EC0-301F-11D3-BF4B-00C04F79EFBC}") = "B.ObserverPattern.DelegatesAndEvents", "..\B.ObserverPattern.DelegatesAndEvents\B.ObserverPattern.DelegatesAndEvents.csproj", "{42C97DD5-3BD7-4171-999C-D4E5F0F67FF0}"
EndProject
Project("{FAE04EC0-301F-11D3-BF4B-00C04F79EFBC}") = "C.ObserverPattern.IObservableAndIObserver", "..\C.ObserverPattern.IObservableAndIObserver\C.ObserverPattern.IObservableAndIObserver.csproj", "{C457ECBB-C61A-46A0-9CF0-79C44208AAE2}"
EndProject
Project("{FAE04EC0-301F-11D3-BF4B-00C04F79EFBC}") = "D.ObserverPattern.IObservableAndIObserver.Ext.Async", "..\D.ObserverPattern.IObservableAndIObserver.Ext.Async\D.ObserverPattern.IObservableAndIObserver.Ext.Async.csproj", "{283244CE-9C2E-4791-BAA5-59F4F99E290E}"
EndProject
Project("{FAE04EC0-301F-11D3-BF4B-00C04F79EFBC}") = "E.ObserverPattern.IObservableAndIObserver.Ext.Filter", "..\E.ObserverPattern.IObservableAndIObserver.Ext.Filter\E.ObserverPattern.IObservableAndIObserver.Ext.Filter.csproj", "{5E17ED10-01FF-49F1-93FB-2BCB04C37738}"
EndProject
Project("{FAE04EC0-301F-11D3-BF4B-00C04F79EFBC}") = "F.ObserverPattern.IObservableAndIObserver.Ext.Reactive", "..\F.ObserverPattern.IObservableAndIObserver.Ext.Reactive\F.ObserverPattern.IObservableAndIObserver.Ext.Reactive.csproj", "{84ACCCD9-3B63-4F8C-AB79-993219FC45CB}"
EndProject
Project("{FAE04EC0-301F-11D3-BF4B-00C04F79EFBC}") = "G.ObserverPattern.ChangeManager", "..\G.ObserverPattern.ChangeManager\G.ObserverPattern.ChangeManager.csproj", "{FEA7B1E0-392B-4767-AF71-A879A32C6474}"
EndProject
Project("{FAE04EC0-301F-11D3-BF4B-00C04F79EFBC}") = "H.ObserverPattern.Registration", "..\H.ObserverPattern.Registration\H.ObserverPattern.Registration.csproj", "{3ECDD047-FEC9-411F-80A8-23021E2FA263}"
EndProject
Project("{FAE04EC0-301F-11D3-BF4B-00C04F79EFBC}") = "I.ObserverPattern.Trigger", "..\I.ObserverPattern.Trigger\I.ObserverPattern.Trigger.csproj", "{DBC4344C-13F2-4335-BACD-08FACD347D5E}"
EndProject
Project("{FAE04EC0-301F-11D3-BF4B-00C04F79EFBC}") = "J.ObserverPattern.PushModel", "..\J.ObserverPattern.PushModel\J.ObserverPattern.PushModel.csproj", "{F79D9EAC-4670-41BD-9BE3-BBD3594896DF}"
EndProject
Project("{FAE04EC0-301F-11D3-BF4B-00C04F79EFBC}") = "K.ObserverPattern.PullModel", "..\K.ObserverPattern.PullModel\K.ObserverPattern.PullModel.csproj", "{365F9D6A-A429-476E-B06E-89B1A375A548}"
EndProject
Project("{FAE04EC0-301F-11D3-BF4B-00C04F79EFBC}") = "L.ObserverPattern.HybridPushPull", "..\L.ObserverPattern.HybridPushPull\L.ObserverPattern.HybridPushPull.csproj", "{D0EBFF0A-49DF-4867-8081-922754554378}"
EndProject
Project("{FAE04EC0-301F-11D3-BF4B-00C04F79EFBC}") = "M.ObserverPattern.OptimizedCommunication", "..\M.ObserverPattern.OptimizedCommunication\M.ObserverPattern.OptimizedCommunication.csproj", "{4B3309C4-4E4A-41F2-8422-40FD1423C5E5}"
EndProject
Project("{FAE04EC0-301F-11D3-BF4B-00C04F79EFBC}") = "N.ObserverPattern.AvoidingDanglingReferences", "..\N.ObserverPattern.AvoidingDanglingReferences\N.ObserverPattern.AvoidingDanglingReferences.csproj", "{E620CE64-1E7E-4C7A-86F4-01C773370FAC}"
EndProject
Project("{2150E333-8FDC-42A3-9474-1A3956D46DE8}") = "ObserverPattern", "ObserverPattern", "{57D303D6-B218-4018-9CFA-341056C21DD2}"
EndProject
Global
	GlobalSection(SolutionConfigurationPlatforms) = preSolution
		Debug|Any CPU = Debug|Any CPU
		Release|Any CPU = Release|Any CPU
	EndGlobalSection
	GlobalSection(ProjectConfigurationPlatforms) = postSolution
		{451B8D8E-D6A8-4299-8EBE-E7039997DA1A}.Debug|Any CPU.ActiveCfg = Debug|Any CPU
		{451B8D8E-D6A8-4299-8EBE-E7039997DA1A}.Debug|Any CPU.Build.0 = Debug|Any CPU
		{451B8D8E-D6A8-4299-8EBE-E7039997DA1A}.Release|Any CPU.ActiveCfg = Release|Any CPU
		{451B8D8E-D6A8-4299-8EBE-E7039997DA1A}.Release|Any CPU.Build.0 = Release|Any CPU
		{42C97DD5-3BD7-4171-999C-D4E5F0F67FF0}.Debug|Any CPU.ActiveCfg = Debug|Any CPU
		{42C97DD5-3BD7-4171-999C-D4E5F0F67FF0}.Debug|Any CPU.Build.0 = Debug|Any CPU
		{42C97DD5-3BD7-4171-999C-D4E5F0F67FF0}.Release|Any CPU.ActiveCfg = Release|Any CPU
		{42C97DD5-3BD7-4171-999C-D4E5F0F67FF0}.Release|Any CPU.Build.0 = Release|Any CPU
		{C457ECBB-C61A-46A0-9CF0-79C44208AAE2}.Debug|Any CPU.ActiveCfg = Debug|Any CPU
		{C457ECBB-C61A-46A0-9CF0-79C44208AAE2}.Debug|Any CPU.Build.0 = Debug|Any CPU
		{C457ECBB-C61A-46A0-9CF0-79C44208AAE2}.Release|Any CPU.ActiveCfg = Release|Any CPU
		{C457ECBB-C61A-46A0-9CF0-79C44208AAE2}.Release|Any CPU.Build.0 = Release|Any CPU
		{283244CE-9C2E-4791-BAA5-59F4F99E290E}.Debug|Any CPU.ActiveCfg = Debug|Any CPU
		{283244CE-9C2E-4791-BAA5-59F4F99E290E}.Debug|Any CPU.Build.0 = Debug|Any CPU
		{283244CE-9C2E-4791-BAA5-59F4F99E290E}.Release|Any CPU.ActiveCfg = Release|Any CPU
		{283244CE-9C2E-4791-BAA5-59F4F99E290E}.Release|Any CPU.Build.0 = Release|Any CPU
		{5E17ED10-01FF-49F1-93FB-2BCB04C37738}.Debug|Any CPU.ActiveCfg = Debug|Any CPU
		{5E17ED10-01FF-49F1-93FB-2BCB04C37738}.Debug|Any CPU.Build.0 = Debug|Any CPU
		{5E17ED10-01FF-49F1-93FB-2BCB04C37738}.Release|Any CPU.ActiveCfg = Release|Any CPU
		{5E17ED10-01FF-49F1-93FB-2BCB04C37738}.Release|Any CPU.Build.0 = Release|Any CPU
		{84ACCCD9-3B63-4F8C-AB79-993219FC45CB}.Debug|Any CPU.ActiveCfg = Debug|Any CPU
		{84ACCCD9-3B63-4F8C-AB79-993219FC45CB}.Debug|Any CPU.Build.0 = Debug|Any CPU
		{84ACCCD9-3B63-4F8C-AB79-993219FC45CB}.Release|Any CPU.ActiveCfg = Release|Any CPU
		{84ACCCD9-3B63-4F8C-AB79-993219FC45CB}.Release|Any CPU.Build.0 = Release|Any CPU
		{FEA7B1E0-392B-4767-AF71-A879A32C6474}.Debug|Any CPU.ActiveCfg = Debug|Any CPU
		{FEA7B1E0-392B-4767-AF71-A879A32C6474}.Debug|Any CPU.Build.0 = Debug|Any CPU
		{FEA7B1E0-392B-4767-AF71-A879A32C6474}.Release|Any CPU.ActiveCfg = Release|Any CPU
		{FEA7B1E0-392B-4767-AF71-A879A32C6474}.Release|Any CPU.Build.0 = Release|Any CPU
		{3ECDD047-FEC9-411F-80A8-23021E2FA263}.Debug|Any CPU.ActiveCfg = Debug|Any CPU
		{3ECDD047-FEC9-411F-80A8-23021E2FA263}.Debug|Any CPU.Build.0 = Debug|Any CPU
		{3ECDD047-FEC9-411F-80A8-23021E2FA263}.Release|Any CPU.ActiveCfg = Release|Any CPU
		{3ECDD047-FEC9-411F-80A8-23021E2FA263}.Release|Any CPU.Build.0 = Release|Any CPU
		{DBC4344C-13F2-4335-BACD-08FACD347D5E}.Debug|Any CPU.ActiveCfg = Debug|Any CPU
		{DBC4344C-13F2-4335-BACD-08FACD347D5E}.Debug|Any CPU.Build.0 = Debug|Any CPU
		{DBC4344C-13F2-4335-BACD-08FACD347D5E}.Release|Any CPU.ActiveCfg = Release|Any CPU
		{DBC4344C-13F2-4335-BACD-08FACD347D5E}.Release|Any CPU.Build.0 = Release|Any CPU
		{F79D9EAC-4670-41BD-9BE3-BBD3594896DF}.Debug|Any CPU.ActiveCfg = Debug|Any CPU
		{F79D9EAC-4670-41BD-9BE3-BBD3594896DF}.Debug|Any CPU.Build.0 = Debug|Any CPU
		{F79D9EAC-4670-41BD-9BE3-BBD3594896DF}.Release|Any CPU.ActiveCfg = Release|Any CPU
		{F79D9EAC-4670-41BD-9BE3-BBD3594896DF}.Release|Any CPU.Build.0 = Release|Any CPU
		{365F9D6A-A429-476E-B06E-89B1A375A548}.Debug|Any CPU.ActiveCfg = Debug|Any CPU
		{365F9D6A-A429-476E-B06E-89B1A375A548}.Debug|Any CPU.Build.0 = Debug|Any CPU
		{365F9D6A-A429-476E-B06E-89B1A375A548}.Release|Any CPU.ActiveCfg = Release|Any CPU
		{365F9D6A-A429-476E-B06E-89B1A375A548}.Release|Any CPU.Build.0 = Release|Any CPU
		{D0EBFF0A-49DF-4867-8081-922754554378}.Debug|Any CPU.ActiveCfg = Debug|Any CPU
		{D0EBFF0A-49DF-4867-8081-922754554378}.Debug|Any CPU.Build.0 = Debug|Any CPU
		{D0EBFF0A-49DF-4867-8081-922754554378}.Release|Any CPU.ActiveCfg = Release|Any CPU
		{D0EBFF0A-49DF-4867-8081-922754554378}.Release|Any CPU.Build.0 = Release|Any CPU
		{4B3309C4-4E4A-41F2-8422-40FD1423C5E5}.Debug|Any CPU.ActiveCfg = Debug|Any CPU
		{4B3309C4-4E4A-41F2-8422-40FD1423C5E5}.Debug|Any CPU.Build.0 = Debug|Any CPU
		{4B3309C4-4E4A-41F2-8422-40FD1423C5E5}.Release|Any CPU.ActiveCfg = Release|Any CPU
		{4B3309C4-4E4A-41F2-8422-40FD1423C5E5}.Release|Any CPU.Build.0 = Release|Any CPU
		{E620CE64-1E7E-4C7A-86F4-01C773370FAC}.Debug|Any CPU.ActiveCfg = Debug|Any CPU
		{E620CE64-1E7E-4C7A-86F4-01C773370FAC}.Debug|Any CPU.Build.0 = Debug|Any CPU
		{E620CE64-1E7E-4C7A-86F4-01C773370FAC}.Release|Any CPU.ActiveCfg = Release|Any CPU
		{E620CE64-1E7E-4C7A-86F4-01C773370FAC}.Release|Any CPU.Build.0 = Release|Any CPU
	EndGlobalSection
	GlobalSection(SolutionProperties) = preSolution
		HideSolutionNode = FALSE
	EndGlobalSection
	GlobalSection(NestedProjects) = preSolution
		{451B8D8E-D6A8-4299-8EBE-E7039997DA1A} = {57D303D6-B218-4018-9CFA-341056C21DD2}
		{42C97DD5-3BD7-4171-999C-D4E5F0F67FF0} = {57D303D6-B218-4018-9CFA-341056C21DD2}
		{C457ECBB-C61A-46A0-9CF0-79C44208AAE2} = {57D303D6-B218-4018-9CFA-341056C21DD2}
		{283244CE-9C2E-4791-BAA5-59F4F99E290E} = {57D303D6-B218-4018-9CFA-341056C21DD2}
		{5E17ED10-01FF-49F1-93FB-2BCB04C37738} = {57D303D6-B218-4018-9CFA-341056C21DD2}
		{84ACCCD9-3B63-4F8C-AB79-993219FC45CB} = {57D303D6-B218-4018-9CFA-341056C21DD2}
		{FEA7B1E0-392B-4767-AF71-A879A32C6474} = {57D303D6-B218-4018-9CFA-341056C21DD2}
		{3ECDD047-FEC9-411F-80A8-23021E2FA263} = {57D303D6-B218-4018-9CFA-341056C21DD2}
		{DBC4344C-13F2-4335-BACD-08FACD347D5E} = {57D303D6-B218-4018-9CFA-341056C21DD2}
		{F79D9EAC-4670-41BD-9BE3-BBD3594896DF} = {57D303D6-B218-4018-9CFA-341056C21DD2}
		{365F9D6A-A429-476E-B06E-89B1A375A548} = {57D303D6-B218-4018-9CFA-341056C21DD2}
		{D0EBFF0A-49DF-4867-8081-922754554378} = {57D303D6-B218-4018-9CFA-341056C21DD2}
		{4B3309C4-4E4A-41F2-8422-40FD1423C5E5} = {57D303D6-B218-4018-9CFA-341056C21DD2}
		{E620CE64-1E7E-4C7A-86F4-01C773370FAC} = {57D303D6-B218-4018-9CFA-341056C21DD2}
	EndGlobalSection
EndGlobal
