
Microsoft Visual Studio Solution File, Format Version 12.00
# Visual Studio Version 17
VisualStudioVersion = 17.10.35004.147
MinimumVisualStudioVersion = 10.0.40219.1
Project("{9A19103F-16F7-4668-BE54-9A1E7A4F7556}") = "Nita.ToolKit.EmojiUI", "Nita.ToolKit.EmojiUI.csproj", "{54615D75-B6A2-466F-9553-B2766F91D4FD}"
EndProject
Project("{9A19103F-16F7-4668-BE54-9A1E7A4F7556}") = "Nita.ToolKit.BaseUI", "..\Nita.ToolKit.BaseUI\Nita.ToolKit.BaseUI.csproj", "{6BD89001-525F-4A53-B66A-60328E374DD5}"
EndProject
Project("{9A19103F-16F7-4668-BE54-9A1E7A4F7556}") = "Nita.ToolKit.Emoji", "..\Nita.ToolKit.Emoji\Nita.ToolKit.Emoji.csproj", "{33F90CEE-80B1-46C7-8AB3-0F781E3B2A54}"
EndProject
Project("{9A19103F-16F7-4668-BE54-9A1E7A4F7556}") = "Nita.ToolKit.EmojiDemo", "..\Nita.ToolKit.EmojiDemo\Nita.ToolKit.EmojiDemo.csproj", "{EECA416D-370B-4CEF-AEFB-49245A3C821F}"
EndProject
Global
	GlobalSection(SolutionConfigurationPlatforms) = preSolution
		Debug|Any CPU = Debug|Any CPU
		Release|Any CPU = Release|Any CPU
	EndGlobalSection
	GlobalSection(ProjectConfigurationPlatforms) = postSolution
		{54615D75-B6A2-466F-9553-B2766F91D4FD}.Debug|Any CPU.ActiveCfg = Debug|Any CPU
		{54615D75-B6A2-466F-9553-B2766F91D4FD}.Debug|Any CPU.Build.0 = Debug|Any CPU
		{54615D75-B6A2-466F-9553-B2766F91D4FD}.Release|Any CPU.ActiveCfg = Release|Any CPU
		{54615D75-B6A2-466F-9553-B2766F91D4FD}.Release|Any CPU.Build.0 = Release|Any CPU
		{6BD89001-525F-4A53-B66A-60328E374DD5}.Debug|Any CPU.ActiveCfg = Debug|Any CPU
		{6BD89001-525F-4A53-B66A-60328E374DD5}.Debug|Any CPU.Build.0 = Debug|Any CPU
		{6BD89001-525F-4A53-B66A-60328E374DD5}.Release|Any CPU.ActiveCfg = Release|Any CPU
		{6BD89001-525F-4A53-B66A-60328E374DD5}.Release|Any CPU.Build.0 = Release|Any CPU
		{33F90CEE-80B1-46C7-8AB3-0F781E3B2A54}.Debug|Any CPU.ActiveCfg = Debug|Any CPU
		{33F90CEE-80B1-46C7-8AB3-0F781E3B2A54}.Debug|Any CPU.Build.0 = Debug|Any CPU
		{33F90CEE-80B1-46C7-8AB3-0F781E3B2A54}.Release|Any CPU.ActiveCfg = Release|Any CPU
		{33F90CEE-80B1-46C7-8AB3-0F781E3B2A54}.Release|Any CPU.Build.0 = Release|Any CPU
		{EECA416D-370B-4CEF-AEFB-49245A3C821F}.Debug|Any CPU.ActiveCfg = Debug|Any CPU
		{EECA416D-370B-4CEF-AEFB-49245A3C821F}.Debug|Any CPU.Build.0 = Debug|Any CPU
		{EECA416D-370B-4CEF-AEFB-49245A3C821F}.Release|Any CPU.ActiveCfg = Release|Any CPU
		{EECA416D-370B-4CEF-AEFB-49245A3C821F}.Release|Any CPU.Build.0 = Release|Any CPU
	EndGlobalSection
	GlobalSection(SolutionProperties) = preSolution
		HideSolutionNode = FALSE
	EndGlobalSection
	GlobalSection(ExtensibilityGlobals) = postSolution
		SolutionGuid = {9453DBC1-4B33-44CA-8B49-0239EFD7A45D}
	EndGlobalSection
EndGlobal
