
Microsoft Visual Studio Solution File, Format Version 12.00
# Visual Studio Version 17
VisualStudioVersion = 17.10.35004.147
MinimumVisualStudioVersion = 10.0.40219.1
Project("{9A19103F-16F7-4668-BE54-9A1E7A4F7556}") = "DragBorder", "DragBorder.csproj", "{151CDDB8-2416-4747-891D-0387EB79743D}"
EndProject
Global
	GlobalSection(SolutionConfigurationPlatforms) = preSolution
		Debug|Any CPU = Debug|Any CPU
		Release|Any CPU = Release|Any CPU
	EndGlobalSection
	GlobalSection(ProjectConfigurationPlatforms) = postSolution
		{151CDDB8-2416-4747-891D-0387EB79743D}.Debug|Any CPU.ActiveCfg = Debug|Any CPU
		{151CDDB8-2416-4747-891D-0387EB79743D}.Debug|Any CPU.Build.0 = Debug|Any CPU
		{151CDDB8-2416-4747-891D-0387EB79743D}.Release|Any CPU.ActiveCfg = Release|Any CPU
		{151CDDB8-2416-4747-891D-0387EB79743D}.Release|Any CPU.Build.0 = Release|Any CPU
	EndGlobalSection
	GlobalSection(SolutionProperties) = preSolution
		HideSolutionNode = FALSE
	EndGlobalSection
	GlobalSection(ExtensibilityGlobals) = postSolution
		SolutionGuid = {CC7D9DBF-A083-491B-8AC3-183EB4B0DA9C}
	EndGlobalSection
EndGlobal
